
Microsoft Visual Studio Solution File, Format Version 12.00
# Visual Studio Version 17
VisualStudioVersion = 17.13.35931.197 d17.13
MinimumVisualStudioVersion = 10.0.40219.1
Project("{FAE04EC0-301F-11D3-BF4B-00C04F79EFBC}") = "Strategy", "Strategy\Strategy.csproj", "{9F87EF84-E844-4A45-A848-ECD3BEF7DF2D}"
EndProject
Global
	GlobalSection(SolutionConfigurationPlatforms) = preSolution
		Debug|Any CPU = Debug|Any CPU
		Release|Any CPU = Release|Any CPU
	EndGlobalSection
	GlobalSection(ProjectConfigurationPlatforms) = postSolution
		{9F87EF84-E844-4A45-A848-ECD3BEF7DF2D}.Debug|Any CPU.ActiveCfg = Debug|Any CPU
		{9F87EF84-E844-4A45-A848-ECD3BEF7DF2D}.Debug|Any CPU.Build.0 = Debug|Any CPU
		{9F87EF84-E844-4A45-A848-ECD3BEF7DF2D}.Release|Any CPU.ActiveCfg = Release|Any CPU
		{9F87EF84-E844-4A45-A848-ECD3BEF7DF2D}.Release|Any CPU.Build.0 = Release|Any CPU
	EndGlobalSection
	GlobalSection(SolutionProperties) = preSolution
		HideSolutionNode = FALSE
	EndGlobalSection
	GlobalSection(ExtensibilityGlobals) = postSolution
		SolutionGuid = {2E3092EB-A2E3-4344-BBD8-904AF6263775}
	EndGlobalSection
EndGlobal
